
Microsoft Visual Studio Solution File, Format Version 12.00
# Visual Studio Version 17
VisualStudioVersion = 17.4.32916.344
MinimumVisualStudioVersion = 10.0.40219.1
Project("{9A19103F-16F7-4668-BE54-9A1E7A4F7556}") = "NibbleAssimpPlugin", "NibbleAssimpPlugin.csproj", "{BC47790E-07BA-4546-B485-8EE099CFD317}"
EndProject
Global
	GlobalSection(SolutionConfigurationPlatforms) = preSolution
		Debug|Any CPU = Debug|Any CPU
		Release|Any CPU = Release|Any CPU
	EndGlobalSection
	GlobalSection(ProjectConfigurationPlatforms) = postSolution
		{BC47790E-07BA-4546-B485-8EE099CFD317}.Debug|Any CPU.ActiveCfg = Debug|Any CPU
		{BC47790E-07BA-4546-B485-8EE099CFD317}.Debug|Any CPU.Build.0 = Debug|Any CPU
		{BC47790E-07BA-4546-B485-8EE099CFD317}.Release|Any CPU.ActiveCfg = Release|Any CPU
		{BC47790E-07BA-4546-B485-8EE099CFD317}.Release|Any CPU.Build.0 = Release|Any CPU
	EndGlobalSection
	GlobalSection(SolutionProperties) = preSolution
		HideSolutionNode = FALSE
	EndGlobalSection
	GlobalSection(ExtensibilityGlobals) = postSolution
		SolutionGuid = {8BFBDE62-6DAE-47A7-ADBB-C67D452F1E30}
	EndGlobalSection
EndGlobal
